
Microsoft Visual Studio Solution File, Format Version 12.00
# Visual Studio Version 17
VisualStudioVersion = 17.10.34916.146
MinimumVisualStudioVersion = 10.0.40219.1
Project("{FAE04EC0-301F-11D3-BF4B-00C04F79EFBC}") = "AccountProvider_G", "AccountProvider_G\AccountProvider_G.csproj", "{9E95248B-3C3E-4B4B-BFF2-7B113A731BA1}"
EndProject
Global
	GlobalSection(SolutionConfigurationPlatforms) = preSolution
		Debug|Any CPU = Debug|Any CPU
		Release|Any CPU = Release|Any CPU
	EndGlobalSection
	GlobalSection(ProjectConfigurationPlatforms) = postSolution
		{9E95248B-3C3E-4B4B-BFF2-7B113A731BA1}.Debug|Any CPU.ActiveCfg = Debug|Any CPU
		{9E95248B-3C3E-4B4B-BFF2-7B113A731BA1}.Debug|Any CPU.Build.0 = Debug|Any CPU
		{9E95248B-3C3E-4B4B-BFF2-7B113A731BA1}.Release|Any CPU.ActiveCfg = Release|Any CPU
		{9E95248B-3C3E-4B4B-BFF2-7B113A731BA1}.Release|Any CPU.Build.0 = Release|Any CPU
	EndGlobalSection
	GlobalSection(SolutionProperties) = preSolution
		HideSolutionNode = FALSE
	EndGlobalSection
	GlobalSection(ExtensibilityGlobals) = postSolution
		SolutionGuid = {8A2BE50F-64BF-41B8-98C9-42A7E739DD6B}
	EndGlobalSection
EndGlobal
